
Microsoft Visual Studio Solution File, Format Version 12.00
# Visual Studio 15
VisualStudioVersion = 15.0.27130.2036
MinimumVisualStudioVersion = 10.0.40219.1
Project("{FAE04EC0-301F-11D3-BF4B-00C04F79EFBC}") = "ExampleUI_1_2a", "ExampleUI_1_2a\ExampleUI_1_2a.csproj", "{97245AAD-497F-4FE7-A37A-F70682D42870}"
EndProject
Project("{FAE04EC0-301F-11D3-BF4B-00C04F79EFBC}") = "Example_UI_1_3a", "Example_UI_1_3a\Example_UI_1_3a.csproj", "{19DCBC7B-2F28-41FA-9BEF-EA9554DC5EC2}"
EndProject
Project("{FAE04EC0-301F-11D3-BF4B-00C04F79EFBC}") = "Example_UI_1_3b", "Example_UI_1_3b\Example_UI_1_3b.csproj", "{E72ACC3E-98FD-46FB-B0FB-CB75A79AFEBB}"
EndProject
Project("{FAE04EC0-301F-11D3-BF4B-00C04F79EFBC}") = "Example_UI_1_4", "Example_UI_1_4\Example_UI_1_4.csproj", "{61F13E25-A49F-460F-8F5F-B32221D748FF}"
EndProject
Project("{FAE04EC0-301F-11D3-BF4B-00C04F79EFBC}") = "Example_UI_1_5", "Example_UI_1_5\Example_UI_1_5.csproj", "{CC72C971-CAF0-4034-9F17-EC471C12C8F6}"
EndProject
Project("{FAE04EC0-301F-11D3-BF4B-00C04F79EFBC}") = "Example_UI_1_6", "Example_UI_1_6\Example_UI_1_6.csproj", "{9E31B3F3-DFDD-4D71-B6F9-FC48C4A2F88D}"
EndProject
Project("{FAE04EC0-301F-11D3-BF4B-00C04F79EFBC}") = "Example_UI_1_7", "Example_UI_1_7\Example_UI_1_7.csproj", "{48FB7C16-BDD6-46A2-8C27-2AE2DFDEFB99}"
EndProject
Global
	GlobalSection(SolutionConfigurationPlatforms) = preSolution
		Debug|Any CPU = Debug|Any CPU
		Release|Any CPU = Release|Any CPU
	EndGlobalSection
	GlobalSection(ProjectConfigurationPlatforms) = postSolution
		{97245AAD-497F-4FE7-A37A-F70682D42870}.Debug|Any CPU.ActiveCfg = Debug|Any CPU
		{97245AAD-497F-4FE7-A37A-F70682D42870}.Debug|Any CPU.Build.0 = Debug|Any CPU
		{97245AAD-497F-4FE7-A37A-F70682D42870}.Release|Any CPU.ActiveCfg = Release|Any CPU
		{97245AAD-497F-4FE7-A37A-F70682D42870}.Release|Any CPU.Build.0 = Release|Any CPU
		{19DCBC7B-2F28-41FA-9BEF-EA9554DC5EC2}.Debug|Any CPU.ActiveCfg = Debug|Any CPU
		{19DCBC7B-2F28-41FA-9BEF-EA9554DC5EC2}.Debug|Any CPU.Build.0 = Debug|Any CPU
		{19DCBC7B-2F28-41FA-9BEF-EA9554DC5EC2}.Release|Any CPU.ActiveCfg = Release|Any CPU
		{19DCBC7B-2F28-41FA-9BEF-EA9554DC5EC2}.Release|Any CPU.Build.0 = Release|Any CPU
		{E72ACC3E-98FD-46FB-B0FB-CB75A79AFEBB}.Debug|Any CPU.ActiveCfg = Debug|Any CPU
		{E72ACC3E-98FD-46FB-B0FB-CB75A79AFEBB}.Debug|Any CPU.Build.0 = Debug|Any CPU
		{E72ACC3E-98FD-46FB-B0FB-CB75A79AFEBB}.Release|Any CPU.ActiveCfg = Release|Any CPU
		{E72ACC3E-98FD-46FB-B0FB-CB75A79AFEBB}.Release|Any CPU.Build.0 = Release|Any CPU
		{61F13E25-A49F-460F-8F5F-B32221D748FF}.Debug|Any CPU.ActiveCfg = Debug|Any CPU
		{61F13E25-A49F-460F-8F5F-B32221D748FF}.Debug|Any CPU.Build.0 = Debug|Any CPU
		{61F13E25-A49F-460F-8F5F-B32221D748FF}.Release|Any CPU.ActiveCfg = Release|Any CPU
		{61F13E25-A49F-460F-8F5F-B32221D748FF}.Release|Any CPU.Build.0 = Release|Any CPU
		{CC72C971-CAF0-4034-9F17-EC471C12C8F6}.Debug|Any CPU.ActiveCfg = Debug|Any CPU
		{CC72C971-CAF0-4034-9F17-EC471C12C8F6}.Debug|Any CPU.Build.0 = Debug|Any CPU
		{CC72C971-CAF0-4034-9F17-EC471C12C8F6}.Release|Any CPU.ActiveCfg = Release|Any CPU
		{CC72C971-CAF0-4034-9F17-EC471C12C8F6}.Release|Any CPU.Build.0 = Release|Any CPU
		{9E31B3F3-DFDD-4D71-B6F9-FC48C4A2F88D}.Debug|Any CPU.ActiveCfg = Debug|Any CPU
		{9E31B3F3-DFDD-4D71-B6F9-FC48C4A2F88D}.Debug|Any CPU.Build.0 = Debug|Any CPU
		{9E31B3F3-DFDD-4D71-B6F9-FC48C4A2F88D}.Release|Any CPU.ActiveCfg = Release|Any CPU
		{9E31B3F3-DFDD-4D71-B6F9-FC48C4A2F88D}.Release|Any CPU.Build.0 = Release|Any CPU
		{48FB7C16-BDD6-46A2-8C27-2AE2DFDEFB99}.Debug|Any CPU.ActiveCfg = Debug|Any CPU
		{48FB7C16-BDD6-46A2-8C27-2AE2DFDEFB99}.Debug|Any CPU.Build.0 = Debug|Any CPU
		{48FB7C16-BDD6-46A2-8C27-2AE2DFDEFB99}.Release|Any CPU.ActiveCfg = Release|Any CPU
		{48FB7C16-BDD6-46A2-8C27-2AE2DFDEFB99}.Release|Any CPU.Build.0 = Release|Any CPU
	EndGlobalSection
	GlobalSection(SolutionProperties) = preSolution
		HideSolutionNode = FALSE
	EndGlobalSection
	GlobalSection(ExtensibilityGlobals) = postSolution
		SolutionGuid = {4F4E476D-D65D-4050-8D51-D4645B2B7E68}
	EndGlobalSection
EndGlobal
